
Microsoft Visual Studio Solution File, Format Version 12.00
# Visual Studio Version 16
VisualStudioVersion = 16.0.30621.155
MinimumVisualStudioVersion = 10.0.40219.1
Project("{FAE04EC0-301F-11D3-BF4B-00C04F79EFBC}") = "MyProgram", "MyProgram\MyProgram.csproj", "{C68325C3-9074-4FC6-9245-A0868B73AA77}"
EndProject
Global
	GlobalSection(SolutionConfigurationPlatforms) = preSolution
		Debug|Any CPU = Debug|Any CPU
		Release|Any CPU = Release|Any CPU
	EndGlobalSection
	GlobalSection(ProjectConfigurationPlatforms) = postSolution
		{C68325C3-9074-4FC6-9245-A0868B73AA77}.Debug|Any CPU.ActiveCfg = Debug|Any CPU
		{C68325C3-9074-4FC6-9245-A0868B73AA77}.Debug|Any CPU.Build.0 = Debug|Any CPU
		{C68325C3-9074-4FC6-9245-A0868B73AA77}.Release|Any CPU.ActiveCfg = Release|Any CPU
		{C68325C3-9074-4FC6-9245-A0868B73AA77}.Release|Any CPU.Build.0 = Release|Any CPU
	EndGlobalSection
	GlobalSection(SolutionProperties) = preSolution
		HideSolutionNode = FALSE
	EndGlobalSection
	GlobalSection(ExtensibilityGlobals) = postSolution
		SolutionGuid = {7FDA695A-B5DC-4D0D-BA93-AF8E893160C0}
	EndGlobalSection
EndGlobal
